
Microsoft Visual Studio Solution File, Format Version 12.00
# Visual Studio Version 16
VisualStudioVersion = 16.0.29911.84
MinimumVisualStudioVersion = 10.0.40219.1
Project("{9A19103F-16F7-4668-BE54-9A1E7A4F7556}") = "opg-201910-interview", "opg-201910-interview\opg-201910-interview.csproj", "{AE39CA78-0BC5-42BF-ACA4-81EFF2312ACF}"
EndProject
Project("{9A19103F-16F7-4668-BE54-9A1E7A4F7556}") = "opg-201910-interview.Test", "opg-201910-interview.Test\opg-201910-interview.Test.csproj", "{24A64D72-0931-4CAA-A1EE-C2AF911AC7B3}"
EndProject
Global
	GlobalSection(SolutionConfigurationPlatforms) = preSolution
		Debug|Any CPU = Debug|Any CPU
		Release|Any CPU = Release|Any CPU
	EndGlobalSection
	GlobalSection(ProjectConfigurationPlatforms) = postSolution
		{AE39CA78-0BC5-42BF-ACA4-81EFF2312ACF}.Debug|Any CPU.ActiveCfg = Debug|Any CPU
		{AE39CA78-0BC5-42BF-ACA4-81EFF2312ACF}.Debug|Any CPU.Build.0 = Debug|Any CPU
		{AE39CA78-0BC5-42BF-ACA4-81EFF2312ACF}.Release|Any CPU.ActiveCfg = Release|Any CPU
		{AE39CA78-0BC5-42BF-ACA4-81EFF2312ACF}.Release|Any CPU.Build.0 = Release|Any CPU
		{24A64D72-0931-4CAA-A1EE-C2AF911AC7B3}.Debug|Any CPU.ActiveCfg = Debug|Any CPU
		{24A64D72-0931-4CAA-A1EE-C2AF911AC7B3}.Debug|Any CPU.Build.0 = Debug|Any CPU
		{24A64D72-0931-4CAA-A1EE-C2AF911AC7B3}.Release|Any CPU.ActiveCfg = Release|Any CPU
		{24A64D72-0931-4CAA-A1EE-C2AF911AC7B3}.Release|Any CPU.Build.0 = Release|Any CPU
	EndGlobalSection
	GlobalSection(SolutionProperties) = preSolution
		HideSolutionNode = FALSE
	EndGlobalSection
	GlobalSection(ExtensibilityGlobals) = postSolution
		SolutionGuid = {1CA01CCE-564B-41DC-BCFF-0BEEE8174C4B}
	EndGlobalSection
EndGlobal
